// !$*UTF8*$!
{
	archiveVersion = 1;
	classes = {
	};
	objectVersion = 56;
	objects = {

/* Begin PBXBuildFile section */
		4F6C6E612C5003EF00EC7C19 /* ListasApp.swift in Sources */ = {isa = PBXBuildFile; fileRef = 4F6C6E602C5003EF00EC7C19 /* ListasApp.swift */; };
		4F6C6E632C5003EF00EC7C19 /* ContentView.swift in Sources */ = {isa = PBXBuildFile; fileRef = 4F6C6E622C5003EF00EC7C19 /* ContentView.swift */; };
		4F6C6E652C5003F100EC7C19 /* Assets.xcassets in Resources */ = {isa = PBXBuildFile; fileRef = 4F6C6E642C5003F100EC7C19 /* Assets.xcassets */; };
		4F6C6E682C5003F100EC7C19 /* Preview Assets.xcassets in Resources */ = {isa = PBXBuildFile; fileRef = 4F6C6E672C5003F100EC7C19 /* Preview Assets.xcassets */; };
		4F6C6E6F2C5006AD00EC7C19 /* Contacto.swift in Sources */ = {isa = PBXBuildFile; fileRef = 4F6C6E6E2C5006AD00EC7C19 /* Contacto.swift */; };
		4F6C6E712C5007E500EC7C19 /* ContentViewModel.swift in Sources */ = {isa = PBXBuildFile; fileRef = 4F6C6E702C5007E500EC7C19 /* ContentViewModel.swift */; };
		4F6C6E732C50084700EC7C19 /* utils.swift in Sources */ = {isa = PBXBuildFile; fileRef = 4F6C6E722C50084700EC7C19 /* utils.swift */; };
		4F6C6E762C501BCF00EC7C19 /* ListLineView.swift in Sources */ = {isa = PBXBuildFile; fileRef = 4F6C6E752C501BCF00EC7C19 /* ListLineView.swift */; };
/* End PBXBuildFile section */

/* Begin PBXFileReference section */
		4F6C6E5D2C5003EF00EC7C19 /* Listas.app */ = {isa = PBXFileReference; explicitFileType = wrapper.application; includeInIndex = 0; path = Listas.app; sourceTree = BUILT_PRODUCTS_DIR; };
		4F6C6E602C5003EF00EC7C19 /* ListasApp.swift */ = {isa = PBXFileReference; lastKnownFileType = sourcecode.swift; path = ListasApp.swift; sourceTree = "<group>"; };
		4F6C6E622C5003EF00EC7C19 /* ContentView.swift */ = {isa = PBXFileReference; lastKnownFileType = sourcecode.swift; path = ContentView.swift; sourceTree = "<group>"; };
		4F6C6E642C5003F100EC7C19 /* Assets.xcassets */ = {isa = PBXFileReference; lastKnownFileType = folder.assetcatalog; path = Assets.xcassets; sourceTree = "<group>"; };
		4F6C6E672C5003F100EC7C19 /* Preview Assets.xcassets */ = {isa = PBXFileReference; lastKnownFileType = folder.assetcatalog; path = "Preview Assets.xcassets"; sourceTree = "<group>"; };
		4F6C6E6E2C5006AD00EC7C19 /* Contacto.swift */ = {isa = PBXFileReference; lastKnownFileType = sourcecode.swift; path = Contacto.swift; sourceTree = "<group>"; };
		4F6C6E702C5007E500EC7C19 /* ContentViewModel.swift */ = {isa = PBXFileReference; lastKnownFileType = sourcecode.swift; path = ContentViewModel.swift; sourceTree = "<group>"; };
		4F6C6E722C50084700EC7C19 /* utils.swift */ = {isa = PBXFileReference; lastKnownFileType = sourcecode.swift; path = utils.swift; sourceTree = "<group>"; };
		4F6C6E752C501BCF00EC7C19 /* ListLineView.swift */ = {isa = PBXFileReference; lastKnownFileType = sourcecode.swift; path = ListLineView.swift; sourceTree = "<group>"; };
/* End PBXFileReference section */

/* Begin PBXFrameworksBuildPhase section */
		4F6C6E5A2C5003EF00EC7C19 /* Frameworks */ = {
			isa = PBXFrameworksBuildPhase;
			buildActionMask = 2147483647;
			files = (
			);
			runOnlyForDeploymentPostprocessing = 0;
		};
/* End PBXFrameworksBuildPhase section */

/* Begin PBXGroup section */
		4F6C6E542C5003EF00EC7C19 = {
			isa = PBXGroup;
			children = (
				4F6C6E5F2C5003EF00EC7C19 /* Listas */,
				4F6C6E5E2C5003EF00EC7C19 /* Products */,
			);
			sourceTree = "<group>";
		};
		4F6C6E5E2C5003EF00EC7C19 /* Products */ = {
			isa = PBXGroup;
			children = (
				4F6C6E5D2C5003EF00EC7C19 /* Listas.app */,
			);
			name = Products;
			sourceTree = "<group>";
		};
		4F6C6E5F2C5003EF00EC7C19 /* Listas */ = {
			isa = PBXGroup;
			children = (
				4F6C6E602C5003EF00EC7C19 /* ListasApp.swift */,
				4F6C6E622C5003EF00EC7C19 /* ContentView.swift */,
				4F6C6E642C5003F100EC7C19 /* Assets.xcassets */,
				4F6C6E662C5003F100EC7C19 /* Preview Content */,
				4F6C6E6E2C5006AD00EC7C19 /* Contacto.swift */,
				4F6C6E702C5007E500EC7C19 /* ContentViewModel.swift */,
				4F6C6E722C50084700EC7C19 /* utils.swift */,
				4F6C6E752C501BCF00EC7C19 /* ListLineView.swift */,
			);
			path = Listas;
			sourceTree = "<group>";
		};
		4F6C6E662C5003F100EC7C19 /* Preview Content */ = {
			isa = PBXGroup;
			children = (
				4F6C6E672C5003F100EC7C19 /* Preview Assets.xcassets */,
			);
			path = "Preview Content";
			sourceTree = "<group>";
		};
/* End PBXGroup section */

/* Begin PBXNativeTarget section */
		4F6C6E5C2C5003EF00EC7C19 /* Listas */ = {
			isa = PBXNativeTarget;
			buildConfigurationList = 4F6C6E6B2C5003F100EC7C19 /* Build configuration list for PBXNativeTarget "Listas" */;
			buildPhases = (
				4F6C6E592C5003EF00EC7C19 /* Sources */,
				4F6C6E5A2C5003EF00EC7C19 /* Frameworks */,
				4F6C6E5B2C5003EF00EC7C19 /* Resources */,
			);
			buildRules = (
			);
			dependencies = (
			);
			name = Listas;
			productName = Listas;
			productReference = 4F6C6E5D2C5003EF00EC7C19 /* Listas.app */;
			productType = "com.apple.product-type.application";
		};
/* End PBXNativeTarget section */

/* Begin PBXProject section */
		4F6C6E552C5003EF00EC7C19 /* Project object */ = {
			isa = PBXProject;
			attributes = {
				BuildIndependentTargetsInParallel = 1;
				LastSwiftUpdateCheck = 1540;
				LastUpgradeCheck = 1540;
				TargetAttributes = {
					4F6C6E5C2C5003EF00EC7C19 = {
						CreatedOnToolsVersion = 15.4;
					};
				};
			};
			buildConfigurationList = 4F6C6E582C5003EF00EC7C19 /* Build configuration list for PBXProject "Listas" */;
			compatibilityVersion = "Xcode 14.0";
			developmentRegion = en;
			hasScannedForEncodings = 0;
			knownRegions = (
				en,
				Base,
			);
			mainGroup = 4F6C6E542C5003EF00EC7C19;
			packageReferences = (
			);
			productRefGroup = 4F6C6E5E2C5003EF00EC7C19 /* Products */;
			projectDirPath = "";
			projectRoot = "";
			targets = (
				4F6C6E5C2C5003EF00EC7C19 /* Listas */,
			);
		};
/* End PBXProject section */

/* Begin PBXResourcesBuildPhase section */
		4F6C6E5B2C5003EF00EC7C19 /* Resources */ = {
			isa = PBXResourcesBuildPhase;
			buildActionMask = 2147483647;
			files = (
				4F6C6E682C5003F100EC7C19 /* Preview Assets.xcassets in Resources */,
				4F6C6E652C5003F100EC7C19 /* Assets.xcassets in Resources */,
			);
			runOnlyForDeploymentPostprocessing = 0;
		};
/* End PBXResourcesBuildPhase section */

/* Begin PBXSourcesBuildPhase section */
		4F6C6E592C5003EF00EC7C19 /* Sources */ = {
			isa = PBXSourcesBuildPhase;
			buildActionMask = 2147483647;
			files = (
				4F6C6E762C501BCF00EC7C19 /* ListLineView.swift in Sources */,
				4F6C6E732C50084700EC7C19 /* utils.swift in Sources */,
				4F6C6E712C5007E500EC7C19 /* ContentViewModel.swift in Sources */,
				4F6C6E632C5003EF00EC7C19 /* ContentView.swift in Sources */,
				4F6C6E612C5003EF00EC7C19 /* ListasApp.swift in Sources */,
				4F6C6E6F2C5006AD00EC7C19 /* Contacto.swift in Sources */,
			);
			runOnlyForDeploymentPostprocessing = 0;
		};
/* End PBXSourcesBuildPhase section */

/* Begin XCBuildConfiguration section */
		4F6C6E692C5003F100EC7C19 /* Debug */ = {
			isa = XCBuildConfiguration;
			buildSettings = {
				ALWAYS_SEARCH_USER_PATHS = NO;
				ASSETCATALOG_COMPILER_GENERATE_SWIFT_ASSET_SYMBOL_EXTENSIONS = YES;
				CLANG_ANALYZER_NONNULL = YES;
				CLANG_ANALYZER_NUMBER_OBJECT_CONVERSION = YES_AGGRESSIVE;
				CLANG_CXX_LANGUAGE_STANDARD = "gnu++20";
				CLANG_ENABLE_MODULES = YES;
				CLANG_ENABLE_OBJC_ARC = YES;
				CLANG_ENABLE_OBJC_WEAK = YES;
				CLANG_WARN_BLOCK_CAPTURE_AUTORELEASING = YES;
				CLANG_WARN_BOOL_CONVERSION = YES;
				CLANG_WARN_COMMA = YES;
				CLANG_WARN_CONSTANT_CONVERSION = YES;
				CLANG_WARN_DEPRECATED_OBJC_IMPLEMENTATIONS = YES;
				CLANG_WARN_DIRECT_OBJC_ISA_USAGE = YES_ERROR;
				CLANG_WARN_DOCUMENTATION_COMMENTS = YES;
				CLANG_WARN_EMPTY_BODY = YES;
				CLANG_WARN_ENUM_CONVERSION = YES;
				CLANG_WARN_INFINITE_RECURSION = YES;
				CLANG_WARN_INT_CONVERSION = YES;
				CLANG_WARN_NON_LITERAL_NULL_CONVERSION = YES;
				CLANG_WARN_OBJC_IMPLICIT_RETAIN_SELF = YES;
				CLANG_WARN_OBJC_LITERAL_CONVERSION = YES;
				CLANG_WARN_OBJC_ROOT_CLASS = YES_ERROR;
				CLANG_WARN_QUOTED_INCLUDE_IN_FRAMEWORK_HEADER = YES;
				CLANG_WARN_RANGE_LOOP_ANALYSIS = YES;
				CLANG_WARN_STRICT_PROTOTYPES = YES;
				CLANG_WARN_SUSPICIOUS_MOVE = YES;
				CLANG_WARN_UNGUARDED_AVAILABILITY = YES_AGGRESSIVE;
				CLANG_WARN_UNREACHABLE_CODE = YES;
				CLANG_WARN__DUPLICATE_METHOD_MATCH = YES;
				COPY_PHASE_STRIP = NO;
				DEBUG_INFORMATION_FORMAT = dwarf;
				ENABLE_STRICT_OBJC_MSGSEND = YES;
				ENABLE_TESTABILITY = YES;
				ENABLE_USER_SCRIPT_SANDBOXING = YES;
				GCC_C_LANGUAGE_STANDARD = gnu17;
				GCC_DYNAMIC_NO_PIC = NO;
				GCC_NO_COMMON_BLOCKS = YES;
				GCC_OPTIMIZATION_LEVEL = 0;
				GCC_PREPROCESSOR_DEFINITIONS = (
					"DEBUG=1",
					"$(inherited)",
				);
				GCC_WARN_64_TO_32_BIT_CONVERSION = YES;
				GCC_WARN_ABOUT_RETURN_TYPE = YES_ERROR;
				GCC_WARN_UNDECLARED_SELECTOR = YES;
				GCC_WARN_UNINITIALIZED_AUTOS = YES_AGGRESSIVE;
				GCC_WARN_UNUSED_FUNCTION = YES;
				GCC_WARN_UNUSED_VARIABLE = YES;
				IPHONEOS_DEPLOYMENT_TARGET = 17.5;
				LOCALIZATION_PREFERS_STRING_CATALOGS = YES;
				MTL_ENABLE_DEBUG_INFO = INCLUDE_SOURCE;
				MTL_FAST_MATH = YES;
				ONLY_ACTIVE_ARCH = YES;
				SDKROOT = iphoneos;
				SWIFT_ACTIVE_COMPILATION_CONDITIONS = "DEBUG $(inherited)";
				SWIFT_OPTIMIZATION_LEVEL = "-Onone";
			};
			name = Debug;
		};
		4F6C6E6A2C5003F100EC7C19 /* Release */ = {
			isa = XCBuildConfiguration;
			buildSettings = {
				ALWAYS_SEARCH_USER_PATHS = NO;
				ASSETCATALOG_COMPILER_GENERATE_SWIFT_ASSET_SYMBOL_EXTENSIONS = YES;
				CLANG_ANALYZER_NONNULL = YES;
				CLANG_ANALYZER_NUMBER_OBJECT_CONVERSION = YES_AGGRESSIVE;
				CLANG_CXX_LANGUAGE_STANDARD = "gnu++20";
				CLANG_ENABLE_MODULES = YES;
				CLANG_ENABLE_OBJC_ARC = YES;
				CLANG_ENABLE_OBJC_WEAK = YES;
				CLANG_WARN_BLOCK_CAPTURE_AUTORELEASING = YES;
				CLANG_WARN_BOOL_CONVERSION = YES;
				CLANG_WARN_COMMA = YES;
				CLANG_WARN_CONSTANT_CONVERSION = YES;
				CLANG_WARN_DEPRECATED_OBJC_IMPLEMENTATIONS = YES;
				CLANG_WARN_DIRECT_OBJC_ISA_USAGE = YES_ERROR;
				CLANG_WARN_DOCUMENTATION_COMMENTS = YES;
				CLANG_WARN_EMPTY_BODY = YES;
				CLANG_WARN_ENUM_CONVERSION = YES;
				CLANG_WARN_INFINITE_RECURSION = YES;
				CLANG_WARN_INT_CONVERSION = YES;
				CLANG_WARN_NON_LITERAL_NULL_CONVERSION = YES;
				CLANG_WARN_OBJC_IMPLICIT_RETAIN_SELF = YES;
				CLANG_WARN_OBJC_LITERAL_CONVERSION = YES;
				CLANG_WARN_OBJC_ROOT_CLASS = YES_ERROR;
				CLANG_WARN_QUOTED_INCLUDE_IN_FRAMEWORK_HEADER = YES;
				CLANG_WARN_RANGE_LOOP_ANALYSIS = YES;
				CLANG_WARN_STRICT_PROTOTYPES = YES;
				CLANG_WARN_SUSPICIOUS_MOVE = YES;
				CLANG_WARN_UNGUARDED_AVAILABILITY = YES_AGGRESSIVE;
				CLANG_WARN_UNREACHABLE_CODE = YES;
				CLANG_WARN__DUPLICATE_METHOD_MATCH = YES;
				COPY_PHASE_STRIP = NO;
				DEBUG_INFORMATION_FORMAT = "dwarf-with-dsym";
				ENABLE_NS_ASSERTIONS = NO;
				ENABLE_STRICT_OBJC_MSGSEND = YES;
				ENABLE_USER_SCRIPT_SANDBOXING = YES;
				GCC_C_LANGUAGE_STANDARD = gnu17;
				GCC_NO_COMMON_BLOCKS = YES;
				GCC_WARN_64_TO_32_BIT_CONVERSION = YES;
				GCC_WARN_ABOUT_RETURN_TYPE = YES_ERROR;
				GCC_WARN_UNDECLARED_SELECTOR = YES;
				GCC_WARN_UNINITIALIZED_AUTOS = YES_AGGRESSIVE;
				GCC_WARN_UNUSED_FUNCTION = YES;
				GCC_WARN_UNUSED_VARIABLE = YES;
				IPHONEOS_DEPLOYMENT_TARGET = 17.5;
				LOCALIZATION_PREFERS_STRING_CATALOGS = YES;
				MTL_ENABLE_DEBUG_INFO = NO;
				MTL_FAST_MATH = YES;
				SDKROOT = iphoneos;
				SWIFT_COMPILATION_MODE = wholemodule;
				VALIDATE_PRODUCT = YES;
			};
			name = Release;
		};
		4F6C6E6C2C5003F100EC7C19 /* Debug */ = {
			isa = XCBuildConfiguration;
			buildSettings = {
				ASSETCATALOG_COMPILER_APPICON_NAME = AppIcon;
				ASSETCATALOG_COMPILER_GLOBAL_ACCENT_COLOR_NAME = AccentColor;
				CODE_SIGN_STYLE = Automatic;
				CURRENT_PROJECT_VERSION = 1;
				DEVELOPMENT_ASSET_PATHS = "\"Listas/Preview Content\"";
				ENABLE_PREVIEWS = YES;
				GENERATE_INFOPLIST_FILE = YES;
				INFOPLIST_KEY_UIApplicationSceneManifest_Generation = YES;
				INFOPLIST_KEY_UIApplicationSupportsIndirectInputEvents = YES;
				INFOPLIST_KEY_UILaunchScreen_Generation = YES;
				INFOPLIST_KEY_UISupportedInterfaceOrientations_iPad = "UIInterfaceOrientationPortrait UIInterfaceOrientationPortraitUpsideDown UIInterfaceOrientationLandscapeLeft UIInterfaceOrientationLandscapeRight";
				INFOPLIST_KEY_UISupportedInterfaceOrientations_iPhone = "UIInterfaceOrientationPortrait UIInterfaceOrientationLandscapeLeft UIInterfaceOrientationLandscapeRight";
				LD_RUNPATH_SEARCH_PATHS = (
					"$(inherited)",
					"@executable_path/Frameworks",
				);
				MARKETING_VERSION = 1.0;
				PRODUCT_BUNDLE_IDENTIFIER = pt.atec.Listas;
				PRODUCT_NAME = "$(TARGET_NAME)";
				SWIFT_EMIT_LOC_STRINGS = YES;
				SWIFT_VERSION = 5.0;
				TARGETED_DEVICE_FAMILY = "1,2";
			};
			name = Debug;
		};
		4F6C6E6D2C5003F100EC7C19 /* Release */ = {
			isa = XCBuildConfiguration;
			buildSettings = {
				ASSETCATALOG_COMPILER_APPICON_NAME = AppIcon;
				ASSETCATALOG_COMPILER_GLOBAL_ACCENT_COLOR_NAME = AccentColor;
				CODE_SIGN_STYLE = Automatic;
				CURRENT_PROJECT_VERSION = 1;
				DEVELOPMENT_ASSET_PATHS = "\"Listas/Preview Content\"";
				ENABLE_PREVIEWS = YES;
				GENERATE_INFOPLIST_FILE = YES;
				INFOPLIST_KEY_UIApplicationSceneManifest_Generation = YES;
				INFOPLIST_KEY_UIApplicationSupportsIndirectInputEvents = YES;
				INFOPLIST_KEY_UILaunchScreen_Generation = YES;
				INFOPLIST_KEY_UISupportedInterfaceOrientations_iPad = "UIInterfaceOrientationPortrait UIInterfaceOrientationPortraitUpsideDown UIInterfaceOrientationLandscapeLeft UIInterfaceOrientationLandscapeRight";
				INFOPLIST_KEY_UISupportedInterfaceOrientations_iPhone = "UIInterfaceOrientationPortrait UIInterfaceOrientationLandscapeLeft UIInterfaceOrientationLandscapeRight";
				LD_RUNPATH_SEARCH_PATHS = (
					"$(inherited)",
					"@executable_path/Frameworks",
				);
				MARKETING_VERSION = 1.0;
				PRODUCT_BUNDLE_IDENTIFIER = pt.atec.Listas;
				PRODUCT_NAME = "$(TARGET_NAME)";
				SWIFT_EMIT_LOC_STRINGS = YES;
				SWIFT_VERSION = 5.0;
				TARGETED_DEVICE_FAMILY = "1,2";
			};
			name = Release;
		};
/* End XCBuildConfiguration section */

/* Begin XCConfigurationList section */
		4F6C6E582C5003EF00EC7C19 /* Build configuration list for PBXProject "Listas" */ = {
			isa = XCConfigurationList;
			buildConfigurations = (
				4F6C6E692C5003F100EC7C19 /* Debug */,
				4F6C6E6A2C5003F100EC7C19 /* Release */,
			);
			defaultConfigurationIsVisible = 0;
			defaultConfigurationName = Release;
		};
		4F6C6E6B2C5003F100EC7C19 /* Build configuration list for PBXNativeTarget "Listas" */ = {
			isa = XCConfigurationList;
			buildConfigurations = (
				4F6C6E6C2C5003F100EC7C19 /* Debug */,
				4F6C6E6D2C5003F100EC7C19 /* Release */,
			);
			defaultConfigurationIsVisible = 0;
			defaultConfigurationName = Release;
		};
/* End XCConfigurationList section */
	};
	rootObject = 4F6C6E552C5003EF00EC7C19 /* Project object */;
}
